
Microsoft Visual Studio Solution File, Format Version 12.00
# Visual Studio Version 16
VisualStudioVersion = 16.0.31410.357
MinimumVisualStudioVersion = 10.0.40219.1
Project("{9A19103F-16F7-4668-BE54-9A1E7A4F7556}") = "TaxCalculator.Api", "TaxCalculator.Api\TaxCalculator.Api.csproj", "{93D7B041-705D-497C-B5ED-7BE2F565E0DD}"
EndProject
Project("{FAE04EC0-301F-11D3-BF4B-00C04F79EFBC}") = "TaxCalculator.Api.Tests", "TaxCalculator.Api.Tests\TaxCalculator.Api.Tests.csproj", "{D3EBB80F-C65D-4D6E-8D36-BB309E6C282D}"
EndProject
Global
	GlobalSection(SolutionConfigurationPlatforms) = preSolution
		Debug|Any CPU = Debug|Any CPU
		Release|Any CPU = Release|Any CPU
	EndGlobalSection
	GlobalSection(ProjectConfigurationPlatforms) = postSolution
		{93D7B041-705D-497C-B5ED-7BE2F565E0DD}.Debug|Any CPU.ActiveCfg = Debug|Any CPU
		{93D7B041-705D-497C-B5ED-7BE2F565E0DD}.Debug|Any CPU.Build.0 = Debug|Any CPU
		{93D7B041-705D-497C-B5ED-7BE2F565E0DD}.Release|Any CPU.ActiveCfg = Release|Any CPU
		{93D7B041-705D-497C-B5ED-7BE2F565E0DD}.Release|Any CPU.Build.0 = Release|Any CPU
		{D3EBB80F-C65D-4D6E-8D36-BB309E6C282D}.Debug|Any CPU.ActiveCfg = Debug|Any CPU
		{D3EBB80F-C65D-4D6E-8D36-BB309E6C282D}.Debug|Any CPU.Build.0 = Debug|Any CPU
		{D3EBB80F-C65D-4D6E-8D36-BB309E6C282D}.Release|Any CPU.ActiveCfg = Release|Any CPU
		{D3EBB80F-C65D-4D6E-8D36-BB309E6C282D}.Release|Any CPU.Build.0 = Release|Any CPU
	EndGlobalSection
	GlobalSection(SolutionProperties) = preSolution
		HideSolutionNode = FALSE
	EndGlobalSection
	GlobalSection(ExtensibilityGlobals) = postSolution
		SolutionGuid = {C4210180-92D1-4E94-8698-A3E9450CB6E0}
	EndGlobalSection
EndGlobal
